// !$*UTF8*$!
{
	archiveVersion = 1;
	classes = {
	};
	objectVersion = 56;
	objects = {

/* Begin PBXBuildFile section */
		F2657F512B03C8380075CA36 /* AppDelegate.swift in Sources */ = {isa = PBXBuildFile; fileRef = F2657F502B03C8380075CA36 /* AppDelegate.swift */; };
		F2657F532B03C8380075CA36 /* SceneDelegate.swift in Sources */ = {isa = PBXBuildFile; fileRef = F2657F522B03C8380075CA36 /* SceneDelegate.swift */; };
		F2657F582B03C8380075CA36 /* Main.storyboard in Resources */ = {isa = PBXBuildFile; fileRef = F2657F562B03C8380075CA36 /* Main.storyboard */; };
		F2657F5A2B03C83A0075CA36 /* Assets.xcassets in Resources */ = {isa = PBXBuildFile; fileRef = F2657F592B03C83A0075CA36 /* Assets.xcassets */; };
		F2657F5D2B03C83A0075CA36 /* LaunchScreen.storyboard in Resources */ = {isa = PBXBuildFile; fileRef = F2657F5B2B03C83A0075CA36 /* LaunchScreen.storyboard */; };
		F2657F652B03CE1E0075CA36 /* ToDo.swift in Sources */ = {isa = PBXBuildFile; fileRef = F2657F642B03CE1E0075CA36 /* ToDo.swift */; };
		F2657F672B03CF200075CA36 /* ToDoTableViewController.swift in Sources */ = {isa = PBXBuildFile; fileRef = F2657F662B03CF200075CA36 /* ToDoTableViewController.swift */; };
		F2657F6B2B048A1D0075CA36 /* ToDoDetailTableViewController.swift in Sources */ = {isa = PBXBuildFile; fileRef = F2657F6A2B048A1D0075CA36 /* ToDoDetailTableViewController.swift */; };
		F26C31702B0597250041C33E /* ToDoTableViewCell.swift in Sources */ = {isa = PBXBuildFile; fileRef = F26C316F2B0597250041C33E /* ToDoTableViewCell.swift */; };
/* End PBXBuildFile section */

/* Begin PBXFileReference section */
		F2657F4D2B03C8380075CA36 /* List Project.app */ = {isa = PBXFileReference; explicitFileType = wrapper.application; includeInIndex = 0; path = "List Project.app"; sourceTree = BUILT_PRODUCTS_DIR; };
		F2657F502B03C8380075CA36 /* AppDelegate.swift */ = {isa = PBXFileReference; lastKnownFileType = sourcecode.swift; path = AppDelegate.swift; sourceTree = "<group>"; };
		F2657F522B03C8380075CA36 /* SceneDelegate.swift */ = {isa = PBXFileReference; lastKnownFileType = sourcecode.swift; path = SceneDelegate.swift; sourceTree = "<group>"; };
		F2657F572B03C8380075CA36 /* Base */ = {isa = PBXFileReference; lastKnownFileType = file.storyboard; name = Base; path = Base.lproj/Main.storyboard; sourceTree = "<group>"; };
		F2657F592B03C83A0075CA36 /* Assets.xcassets */ = {isa = PBXFileReference; lastKnownFileType = folder.assetcatalog; path = Assets.xcassets; sourceTree = "<group>"; };
		F2657F5C2B03C83A0075CA36 /* Base */ = {isa = PBXFileReference; lastKnownFileType = file.storyboard; name = Base; path = Base.lproj/LaunchScreen.storyboard; sourceTree = "<group>"; };
		F2657F5E2B03C83A0075CA36 /* Info.plist */ = {isa = PBXFileReference; lastKnownFileType = text.plist.xml; path = Info.plist; sourceTree = "<group>"; };
		F2657F642B03CE1E0075CA36 /* ToDo.swift */ = {isa = PBXFileReference; lastKnownFileType = sourcecode.swift; path = ToDo.swift; sourceTree = "<group>"; };
		F2657F662B03CF200075CA36 /* ToDoTableViewController.swift */ = {isa = PBXFileReference; lastKnownFileType = sourcecode.swift; path = ToDoTableViewController.swift; sourceTree = "<group>"; };
		F2657F6A2B048A1D0075CA36 /* ToDoDetailTableViewController.swift */ = {isa = PBXFileReference; lastKnownFileType = sourcecode.swift; path = ToDoDetailTableViewController.swift; sourceTree = "<group>"; };
		F26C316F2B0597250041C33E /* ToDoTableViewCell.swift */ = {isa = PBXFileReference; lastKnownFileType = sourcecode.swift; path = ToDoTableViewCell.swift; sourceTree = "<group>"; };
/* End PBXFileReference section */

/* Begin PBXFrameworksBuildPhase section */
		F2657F4A2B03C8380075CA36 /* Frameworks */ = {
			isa = PBXFrameworksBuildPhase;
			buildActionMask = 2147483647;
			files = (
			);
			runOnlyForDeploymentPostprocessing = 0;
		};
/* End PBXFrameworksBuildPhase section */

/* Begin PBXGroup section */
		F2657F442B03C8380075CA36 = {
			isa = PBXGroup;
			children = (
				F2657F4F2B03C8380075CA36 /* List Project */,
				F2657F4E2B03C8380075CA36 /* Products */,
			);
			sourceTree = "<group>";
		};
		F2657F4E2B03C8380075CA36 /* Products */ = {
			isa = PBXGroup;
			children = (
				F2657F4D2B03C8380075CA36 /* List Project.app */,
			);
			name = Products;
			sourceTree = "<group>";
		};
		F2657F4F2B03C8380075CA36 /* List Project */ = {
			isa = PBXGroup;
			children = (
				F2657F502B03C8380075CA36 /* AppDelegate.swift */,
				F2657F522B03C8380075CA36 /* SceneDelegate.swift */,
				F2657F562B03C8380075CA36 /* Main.storyboard */,
				F2657F592B03C83A0075CA36 /* Assets.xcassets */,
				F2657F5B2B03C83A0075CA36 /* LaunchScreen.storyboard */,
				F2657F5E2B03C83A0075CA36 /* Info.plist */,
				F2657F682B03CFCC0075CA36 /* Views */,
				F2657F692B03CFDC0075CA36 /* Models */,
				F2657F6C2B049C9E0075CA36 /* Controllers */,
			);
			path = "List Project";
			sourceTree = "<group>";
		};
		F2657F682B03CFCC0075CA36 /* Views */ = {
			isa = PBXGroup;
			children = (
			);
			path = Views;
			sourceTree = "<group>";
		};
		F2657F692B03CFDC0075CA36 /* Models */ = {
			isa = PBXGroup;
			children = (
				F26C316F2B0597250041C33E /* ToDoTableViewCell.swift */,
				F2657F642B03CE1E0075CA36 /* ToDo.swift */,
			);
			path = Models;
			sourceTree = "<group>";
		};
		F2657F6C2B049C9E0075CA36 /* Controllers */ = {
			isa = PBXGroup;
			children = (
				F2657F6A2B048A1D0075CA36 /* ToDoDetailTableViewController.swift */,
				F2657F662B03CF200075CA36 /* ToDoTableViewController.swift */,
			);
			path = Controllers;
			sourceTree = "<group>";
		};
/* End PBXGroup section */

/* Begin PBXNativeTarget section */
		F2657F4C2B03C8380075CA36 /* List Project */ = {
			isa = PBXNativeTarget;
			buildConfigurationList = F2657F612B03C83A0075CA36 /* Build configuration list for PBXNativeTarget "List Project" */;
			buildPhases = (
				F2657F492B03C8380075CA36 /* Sources */,
				F2657F4A2B03C8380075CA36 /* Frameworks */,
				F2657F4B2B03C8380075CA36 /* Resources */,
			);
			buildRules = (
			);
			dependencies = (
			);
			name = "List Project";
			productName = "List Project";
			productReference = F2657F4D2B03C8380075CA36 /* List Project.app */;
			productType = "com.apple.product-type.application";
		};
/* End PBXNativeTarget section */

/* Begin PBXProject section */
		F2657F452B03C8380075CA36 /* Project object */ = {
			isa = PBXProject;
			attributes = {
				BuildIndependentTargetsInParallel = 1;
				LastSwiftUpdateCheck = 1500;
				LastUpgradeCheck = 1500;
				TargetAttributes = {
					F2657F4C2B03C8380075CA36 = {
						CreatedOnToolsVersion = 15.0.1;
					};
				};
			};
			buildConfigurationList = F2657F482B03C8380075CA36 /* Build configuration list for PBXProject "List Project" */;
			compatibilityVersion = "Xcode 14.0";
			developmentRegion = en;
			hasScannedForEncodings = 0;
			knownRegions = (
				en,
				Base,
			);
			mainGroup = F2657F442B03C8380075CA36;
			productRefGroup = F2657F4E2B03C8380075CA36 /* Products */;
			projectDirPath = "";
			projectRoot = "";
			targets = (
				F2657F4C2B03C8380075CA36 /* List Project */,
			);
		};
/* End PBXProject section */

/* Begin PBXResourcesBuildPhase section */
		F2657F4B2B03C8380075CA36 /* Resources */ = {
			isa = PBXResourcesBuildPhase;
			buildActionMask = 2147483647;
			files = (
				F2657F5D2B03C83A0075CA36 /* LaunchScreen.storyboard in Resources */,
				F2657F5A2B03C83A0075CA36 /* Assets.xcassets in Resources */,
				F2657F582B03C8380075CA36 /* Main.storyboard in Resources */,
			);
			runOnlyForDeploymentPostprocessing = 0;
		};
/* End PBXResourcesBuildPhase section */

/* Begin PBXSourcesBuildPhase section */
		F2657F492B03C8380075CA36 /* Sources */ = {
			isa = PBXSourcesBuildPhase;
			buildActionMask = 2147483647;
			files = (
				F2657F652B03CE1E0075CA36 /* ToDo.swift in Sources */,
				F2657F6B2B048A1D0075CA36 /* ToDoDetailTableViewController.swift in Sources */,
				F2657F672B03CF200075CA36 /* ToDoTableViewController.swift in Sources */,
				F26C31702B0597250041C33E /* ToDoTableViewCell.swift in Sources */,
				F2657F512B03C8380075CA36 /* AppDelegate.swift in Sources */,
				F2657F532B03C8380075CA36 /* SceneDelegate.swift in Sources */,
			);
			runOnlyForDeploymentPostprocessing = 0;
		};
/* End PBXSourcesBuildPhase section */

/* Begin PBXVariantGroup section */
		F2657F562B03C8380075CA36 /* Main.storyboard */ = {
			isa = PBXVariantGroup;
			children = (
				F2657F572B03C8380075CA36 /* Base */,
			);
			name = Main.storyboard;
			sourceTree = "<group>";
		};
		F2657F5B2B03C83A0075CA36 /* LaunchScreen.storyboard */ = {
			isa = PBXVariantGroup;
			children = (
				F2657F5C2B03C83A0075CA36 /* Base */,
			);
			name = LaunchScreen.storyboard;
			sourceTree = "<group>";
		};
/* End PBXVariantGroup section */

/* Begin XCBuildConfiguration section */
		F2657F5F2B03C83A0075CA36 /* Debug */ = {
			isa = XCBuildConfiguration;
			buildSettings = {
				ALWAYS_SEARCH_USER_PATHS = NO;
				ASSETCATALOG_COMPILER_GENERATE_SWIFT_ASSET_SYMBOL_EXTENSIONS = YES;
				CLANG_ANALYZER_NONNULL = YES;
				CLANG_ANALYZER_NUMBER_OBJECT_CONVERSION = YES_AGGRESSIVE;
				CLANG_CXX_LANGUAGE_STANDARD = "gnu++20";
				CLANG_ENABLE_MODULES = YES;
				CLANG_ENABLE_OBJC_ARC = YES;
				CLANG_ENABLE_OBJC_WEAK = YES;
				CLANG_WARN_BLOCK_CAPTURE_AUTORELEASING = YES;
				CLANG_WARN_BOOL_CONVERSION = YES;
				CLANG_WARN_COMMA = YES;
				CLANG_WARN_CONSTANT_CONVERSION = YES;
				CLANG_WARN_DEPRECATED_OBJC_IMPLEMENTATIONS = YES;
				CLANG_WARN_DIRECT_OBJC_ISA_USAGE = YES_ERROR;
				CLANG_WARN_DOCUMENTATION_COMMENTS = YES;
				CLANG_WARN_EMPTY_BODY = YES;
				CLANG_WARN_ENUM_CONVERSION = YES;
				CLANG_WARN_INFINITE_RECURSION = YES;
				CLANG_WARN_INT_CONVERSION = YES;
				CLANG_WARN_NON_LITERAL_NULL_CONVERSION = YES;
				CLANG_WARN_OBJC_IMPLICIT_RETAIN_SELF = YES;
				CLANG_WARN_OBJC_LITERAL_CONVERSION = YES;
				CLANG_WARN_OBJC_ROOT_CLASS = YES_ERROR;
				CLANG_WARN_QUOTED_INCLUDE_IN_FRAMEWORK_HEADER = YES;
				CLANG_WARN_RANGE_LOOP_ANALYSIS = YES;
				CLANG_WARN_STRICT_PROTOTYPES = YES;
				CLANG_WARN_SUSPICIOUS_MOVE = YES;
				CLANG_WARN_UNGUARDED_AVAILABILITY = YES_AGGRESSIVE;
				CLANG_WARN_UNREACHABLE_CODE = YES;
				CLANG_WARN__DUPLICATE_METHOD_MATCH = YES;
				COPY_PHASE_STRIP = NO;
				DEBUG_INFORMATION_FORMAT = dwarf;
				ENABLE_STRICT_OBJC_MSGSEND = YES;
				ENABLE_TESTABILITY = YES;
				ENABLE_USER_SCRIPT_SANDBOXING = YES;
				GCC_C_LANGUAGE_STANDARD = gnu17;
				GCC_DYNAMIC_NO_PIC = NO;
				GCC_NO_COMMON_BLOCKS = YES;
				GCC_OPTIMIZATION_LEVEL = 0;
				GCC_PREPROCESSOR_DEFINITIONS = (
					"DEBUG=1",
					"$(inherited)",
				);
				GCC_WARN_64_TO_32_BIT_CONVERSION = YES;
				GCC_WARN_ABOUT_RETURN_TYPE = YES_ERROR;
				GCC_WARN_UNDECLARED_SELECTOR = YES;
				GCC_WARN_UNINITIALIZED_AUTOS = YES_AGGRESSIVE;
				GCC_WARN_UNUSED_FUNCTION = YES;
				GCC_WARN_UNUSED_VARIABLE = YES;
				IPHONEOS_DEPLOYMENT_TARGET = 17.0;
				LOCALIZATION_PREFERS_STRING_CATALOGS = YES;
				MTL_ENABLE_DEBUG_INFO = INCLUDE_SOURCE;
				MTL_FAST_MATH = YES;
				ONLY_ACTIVE_ARCH = YES;
				SDKROOT = iphoneos;
				SWIFT_ACTIVE_COMPILATION_CONDITIONS = "DEBUG $(inherited)";
				SWIFT_OPTIMIZATION_LEVEL = "-Onone";
			};
			name = Debug;
		};
		F2657F602B03C83A0075CA36 /* Release */ = {
			isa = XCBuildConfiguration;
			buildSettings = {
				ALWAYS_SEARCH_USER_PATHS = NO;
				ASSETCATALOG_COMPILER_GENERATE_SWIFT_ASSET_SYMBOL_EXTENSIONS = YES;
				CLANG_ANALYZER_NONNULL = YES;
				CLANG_ANALYZER_NUMBER_OBJECT_CONVERSION = YES_AGGRESSIVE;
				CLANG_CXX_LANGUAGE_STANDARD = "gnu++20";
				CLANG_ENABLE_MODULES = YES;
				CLANG_ENABLE_OBJC_ARC = YES;
				CLANG_ENABLE_OBJC_WEAK = YES;
				CLANG_WARN_BLOCK_CAPTURE_AUTORELEASING = YES;
				CLANG_WARN_BOOL_CONVERSION = YES;
				CLANG_WARN_COMMA = YES;
				CLANG_WARN_CONSTANT_CONVERSION = YES;
				CLANG_WARN_DEPRECATED_OBJC_IMPLEMENTATIONS = YES;
				CLANG_WARN_DIRECT_OBJC_ISA_USAGE = YES_ERROR;
				CLANG_WARN_DOCUMENTATION_COMMENTS = YES;
				CLANG_WARN_EMPTY_BODY = YES;
				CLANG_WARN_ENUM_CONVERSION = YES;
				CLANG_WARN_INFINITE_RECURSION = YES;
				CLANG_WARN_INT_CONVERSION = YES;
				CLANG_WARN_NON_LITERAL_NULL_CONVERSION = YES;
				CLANG_WARN_OBJC_IMPLICIT_RETAIN_SELF = YES;
				CLANG_WARN_OBJC_LITERAL_CONVERSION = YES;
				CLANG_WARN_OBJC_ROOT_CLASS = YES_ERROR;
				CLANG_WARN_QUOTED_INCLUDE_IN_FRAMEWORK_HEADER = YES;
				CLANG_WARN_RANGE_LOOP_ANALYSIS = YES;
				CLANG_WARN_STRICT_PROTOTYPES = YES;
				CLANG_WARN_SUSPICIOUS_MOVE = YES;
				CLANG_WARN_UNGUARDED_AVAILABILITY = YES_AGGRESSIVE;
				CLANG_WARN_UNREACHABLE_CODE = YES;
				CLANG_WARN__DUPLICATE_METHOD_MATCH = YES;
				COPY_PHASE_STRIP = NO;
				DEBUG_INFORMATION_FORMAT = "dwarf-with-dsym";
				ENABLE_NS_ASSERTIONS = NO;
				ENABLE_STRICT_OBJC_MSGSEND = YES;
				ENABLE_USER_SCRIPT_SANDBOXING = YES;
				GCC_C_LANGUAGE_STANDARD = gnu17;
				GCC_NO_COMMON_BLOCKS = YES;
				GCC_WARN_64_TO_32_BIT_CONVERSION = YES;
				GCC_WARN_ABOUT_RETURN_TYPE = YES_ERROR;
				GCC_WARN_UNDECLARED_SELECTOR = YES;
				GCC_WARN_UNINITIALIZED_AUTOS = YES_AGGRESSIVE;
				GCC_WARN_UNUSED_FUNCTION = YES;
				GCC_WARN_UNUSED_VARIABLE = YES;
				IPHONEOS_DEPLOYMENT_TARGET = 17.0;
				LOCALIZATION_PREFERS_STRING_CATALOGS = YES;
				MTL_ENABLE_DEBUG_INFO = NO;
				MTL_FAST_MATH = YES;
				SDKROOT = iphoneos;
				SWIFT_COMPILATION_MODE = wholemodule;
				VALIDATE_PRODUCT = YES;
			};
			name = Release;
		};
		F2657F622B03C83A0075CA36 /* Debug */ = {
			isa = XCBuildConfiguration;
			buildSettings = {
				ASSETCATALOG_COMPILER_APPICON_NAME = AppIcon;
				ASSETCATALOG_COMPILER_GLOBAL_ACCENT_COLOR_NAME = AccentColor;
				CODE_SIGN_STYLE = Automatic;
				CURRENT_PROJECT_VERSION = 1;
				DEVELOPMENT_TEAM = CJP79XKU8U;
				GENERATE_INFOPLIST_FILE = YES;
				INFOPLIST_FILE = "List Project/Info.plist";
				INFOPLIST_KEY_UIApplicationSupportsIndirectInputEvents = YES;
				INFOPLIST_KEY_UILaunchStoryboardName = LaunchScreen;
				INFOPLIST_KEY_UIMainStoryboardFile = Main;
				INFOPLIST_KEY_UISupportedInterfaceOrientations_iPad = "UIInterfaceOrientationPortrait UIInterfaceOrientationPortraitUpsideDown UIInterfaceOrientationLandscapeLeft UIInterfaceOrientationLandscapeRight";
				INFOPLIST_KEY_UISupportedInterfaceOrientations_iPhone = "UIInterfaceOrientationPortrait UIInterfaceOrientationLandscapeLeft UIInterfaceOrientationLandscapeRight";
				LD_RUNPATH_SEARCH_PATHS = (
					"$(inherited)",
					"@executable_path/Frameworks",
				);
				MARKETING_VERSION = 1.0;
				PRODUCT_BUNDLE_IDENTIFIER = "jacobdavis.List-Project";
				PRODUCT_NAME = "$(TARGET_NAME)";
				SWIFT_EMIT_LOC_STRINGS = YES;
				SWIFT_VERSION = 5.0;
				TARGETED_DEVICE_FAMILY = "1,2";
			};
			name = Debug;
		};
		F2657F632B03C83A0075CA36 /* Release */ = {
			isa = XCBuildConfiguration;
			buildSettings = {
				ASSETCATALOG_COMPILER_APPICON_NAME = AppIcon;
				ASSETCATALOG_COMPILER_GLOBAL_ACCENT_COLOR_NAME = AccentColor;
				CODE_SIGN_STYLE = Automatic;
				CURRENT_PROJECT_VERSION = 1;
				DEVELOPMENT_TEAM = CJP79XKU8U;
				GENERATE_INFOPLIST_FILE = YES;
				INFOPLIST_FILE = "List Project/Info.plist";
				INFOPLIST_KEY_UIApplicationSupportsIndirectInputEvents = YES;
				INFOPLIST_KEY_UILaunchStoryboardName = LaunchScreen;
				INFOPLIST_KEY_UIMainStoryboardFile = Main;
				INFOPLIST_KEY_UISupportedInterfaceOrientations_iPad = "UIInterfaceOrientationPortrait UIInterfaceOrientationPortraitUpsideDown UIInterfaceOrientationLandscapeLeft UIInterfaceOrientationLandscapeRight";
				INFOPLIST_KEY_UISupportedInterfaceOrientations_iPhone = "UIInterfaceOrientationPortrait UIInterfaceOrientationLandscapeLeft UIInterfaceOrientationLandscapeRight";
				LD_RUNPATH_SEARCH_PATHS = (
					"$(inherited)",
					"@executable_path/Frameworks",
				);
				MARKETING_VERSION = 1.0;
				PRODUCT_BUNDLE_IDENTIFIER = "jacobdavis.List-Project";
				PRODUCT_NAME = "$(TARGET_NAME)";
				SWIFT_EMIT_LOC_STRINGS = YES;
				SWIFT_VERSION = 5.0;
				TARGETED_DEVICE_FAMILY = "1,2";
			};
			name = Release;
		};
/* End XCBuildConfiguration section */

/* Begin XCConfigurationList section */
		F2657F482B03C8380075CA36 /* Build configuration list for PBXProject "List Project" */ = {
			isa = XCConfigurationList;
			buildConfigurations = (
				F2657F5F2B03C83A0075CA36 /* Debug */,
				F2657F602B03C83A0075CA36 /* Release */,
			);
			defaultConfigurationIsVisible = 0;
			defaultConfigurationName = Release;
		};
		F2657F612B03C83A0075CA36 /* Build configuration list for PBXNativeTarget "List Project" */ = {
			isa = XCConfigurationList;
			buildConfigurations = (
				F2657F622B03C83A0075CA36 /* Debug */,
				F2657F632B03C83A0075CA36 /* Release */,
			);
			defaultConfigurationIsVisible = 0;
			defaultConfigurationName = Release;
		};
/* End XCConfigurationList section */
	};
	rootObject = F2657F452B03C8380075CA36 /* Project object */;
}
